
Microsoft Visual Studio Solution File, Format Version 12.00
# Visual Studio 14
VisualStudioVersion = 14.0.22823.1
MinimumVisualStudioVersion = 10.0.40219.1
Project("{2150E333-8FDC-42A3-9474-1A3956D46DE8}") = "ExRatesTweets.W8", "ExRatesTweets.W8", "{7A19DD96-377E-41BF-9899-9704A56FB530}"
EndProject
Project("{D954291E-2A0B-460D-934E-DC6B0785DB48}") = "ExRatesTweets.W8.Shared", "ExRatesTweets.W8\ExRatesTweets.W8.Shared\ExRatesTweets.W8.Shared.shproj", "{25F783FE-FB4E-4E98-9A70-DE4D24B1D89F}"
EndProject
Project("{FAE04EC0-301F-11D3-BF4B-00C04F79EFBC}") = "ExRatesTweets.W8.Windows", "ExRatesTweets.W8\ExRatesTweets.W8.Windows\ExRatesTweets.W8.Windows.csproj", "{2CC4925F-94BF-4B36-8A0E-4DEA4D17F35D}"
EndProject
Project("{FAE04EC0-301F-11D3-BF4B-00C04F79EFBC}") = "ExRatesTweets.W8.WindowsPhone", "ExRatesTweets.W8\ExRatesTweets.W8.WindowsPhone\ExRatesTweets.W8.WindowsPhone.csproj", "{34888245-FB54-4827-8446-BF43C6E76407}"
EndProject
Global
	GlobalSection(SharedMSBuildProjectFiles) = preSolution
		ExRatesTweets.W8\ExRatesTweets.W8.Shared\ExRatesTweets.W8.Shared.projitems*{2cc4925f-94bf-4b36-8a0e-4dea4d17f35d}*SharedItemsImports = 4
		ExRatesTweets.W8\ExRatesTweets.W8.Shared\ExRatesTweets.W8.Shared.projitems*{25f783fe-fb4e-4e98-9a70-de4d24b1d89f}*SharedItemsImports = 13
		ExRatesTweets.W8\ExRatesTweets.W8.Shared\ExRatesTweets.W8.Shared.projitems*{34888245-fb54-4827-8446-bf43c6e76407}*SharedItemsImports = 4
	EndGlobalSection
	GlobalSection(SolutionConfigurationPlatforms) = preSolution
		Debug|Any CPU = Debug|Any CPU
		Debug|ARM = Debug|ARM
		Debug|x64 = Debug|x64
		Debug|x86 = Debug|x86
		Release|Any CPU = Release|Any CPU
		Release|ARM = Release|ARM
		Release|x64 = Release|x64
		Release|x86 = Release|x86
	EndGlobalSection
	GlobalSection(ProjectConfigurationPlatforms) = postSolution
		{2CC4925F-94BF-4B36-8A0E-4DEA4D17F35D}.Debug|Any CPU.ActiveCfg = Debug|Any CPU
		{2CC4925F-94BF-4B36-8A0E-4DEA4D17F35D}.Debug|Any CPU.Build.0 = Debug|Any CPU
		{2CC4925F-94BF-4B36-8A0E-4DEA4D17F35D}.Debug|Any CPU.Deploy.0 = Debug|Any CPU
		{2CC4925F-94BF-4B36-8A0E-4DEA4D17F35D}.Debug|ARM.ActiveCfg = Debug|ARM
		{2CC4925F-94BF-4B36-8A0E-4DEA4D17F35D}.Debug|ARM.Build.0 = Debug|ARM
		{2CC4925F-94BF-4B36-8A0E-4DEA4D17F35D}.Debug|ARM.Deploy.0 = Debug|ARM
		{2CC4925F-94BF-4B36-8A0E-4DEA4D17F35D}.Debug|x64.ActiveCfg = Debug|x64
		{2CC4925F-94BF-4B36-8A0E-4DEA4D17F35D}.Debug|x64.Build.0 = Debug|x64
		{2CC4925F-94BF-4B36-8A0E-4DEA4D17F35D}.Debug|x64.Deploy.0 = Debug|x64
		{2CC4925F-94BF-4B36-8A0E-4DEA4D17F35D}.Debug|x86.ActiveCfg = Debug|x86
		{2CC4925F-94BF-4B36-8A0E-4DEA4D17F35D}.Debug|x86.Build.0 = Debug|x86
		{2CC4925F-94BF-4B36-8A0E-4DEA4D17F35D}.Debug|x86.Deploy.0 = Debug|x86
		{2CC4925F-94BF-4B36-8A0E-4DEA4D17F35D}.Release|Any CPU.ActiveCfg = Release|Any CPU
		{2CC4925F-94BF-4B36-8A0E-4DEA4D17F35D}.Release|Any CPU.Build.0 = Release|Any CPU
		{2CC4925F-94BF-4B36-8A0E-4DEA4D17F35D}.Release|Any CPU.Deploy.0 = Release|Any CPU
		{2CC4925F-94BF-4B36-8A0E-4DEA4D17F35D}.Release|ARM.ActiveCfg = Release|ARM
		{2CC4925F-94BF-4B36-8A0E-4DEA4D17F35D}.Release|ARM.Build.0 = Release|ARM
		{2CC4925F-94BF-4B36-8A0E-4DEA4D17F35D}.Release|ARM.Deploy.0 = Release|ARM
		{2CC4925F-94BF-4B36-8A0E-4DEA4D17F35D}.Release|x64.ActiveCfg = Release|x64
		{2CC4925F-94BF-4B36-8A0E-4DEA4D17F35D}.Release|x64.Build.0 = Release|x64
		{2CC4925F-94BF-4B36-8A0E-4DEA4D17F35D}.Release|x64.Deploy.0 = Release|x64
		{2CC4925F-94BF-4B36-8A0E-4DEA4D17F35D}.Release|x86.ActiveCfg = Release|x86
		{2CC4925F-94BF-4B36-8A0E-4DEA4D17F35D}.Release|x86.Build.0 = Release|x86
		{2CC4925F-94BF-4B36-8A0E-4DEA4D17F35D}.Release|x86.Deploy.0 = Release|x86
		{34888245-FB54-4827-8446-BF43C6E76407}.Debug|Any CPU.ActiveCfg = Debug|Any CPU
		{34888245-FB54-4827-8446-BF43C6E76407}.Debug|Any CPU.Build.0 = Debug|Any CPU
		{34888245-FB54-4827-8446-BF43C6E76407}.Debug|Any CPU.Deploy.0 = Debug|Any CPU
		{34888245-FB54-4827-8446-BF43C6E76407}.Debug|ARM.ActiveCfg = Debug|ARM
		{34888245-FB54-4827-8446-BF43C6E76407}.Debug|ARM.Build.0 = Debug|ARM
		{34888245-FB54-4827-8446-BF43C6E76407}.Debug|ARM.Deploy.0 = Debug|ARM
		{34888245-FB54-4827-8446-BF43C6E76407}.Debug|x64.ActiveCfg = Debug|Any CPU
		{34888245-FB54-4827-8446-BF43C6E76407}.Debug|x64.Build.0 = Debug|Any CPU
		{34888245-FB54-4827-8446-BF43C6E76407}.Debug|x64.Deploy.0 = Debug|Any CPU
		{34888245-FB54-4827-8446-BF43C6E76407}.Debug|x86.ActiveCfg = Debug|x86
		{34888245-FB54-4827-8446-BF43C6E76407}.Debug|x86.Build.0 = Debug|x86
		{34888245-FB54-4827-8446-BF43C6E76407}.Debug|x86.Deploy.0 = Debug|x86
		{34888245-FB54-4827-8446-BF43C6E76407}.Release|Any CPU.ActiveCfg = Release|Any CPU
		{34888245-FB54-4827-8446-BF43C6E76407}.Release|Any CPU.Build.0 = Release|Any CPU
		{34888245-FB54-4827-8446-BF43C6E76407}.Release|Any CPU.Deploy.0 = Release|Any CPU
		{34888245-FB54-4827-8446-BF43C6E76407}.Release|ARM.ActiveCfg = Release|ARM
		{34888245-FB54-4827-8446-BF43C6E76407}.Release|ARM.Build.0 = Release|ARM
		{34888245-FB54-4827-8446-BF43C6E76407}.Release|ARM.Deploy.0 = Release|ARM
		{34888245-FB54-4827-8446-BF43C6E76407}.Release|x64.ActiveCfg = Release|Any CPU
		{34888245-FB54-4827-8446-BF43C6E76407}.Release|x64.Build.0 = Release|Any CPU
		{34888245-FB54-4827-8446-BF43C6E76407}.Release|x64.Deploy.0 = Release|Any CPU
		{34888245-FB54-4827-8446-BF43C6E76407}.Release|x86.ActiveCfg = Release|x86
		{34888245-FB54-4827-8446-BF43C6E76407}.Release|x86.Build.0 = Release|x86
		{34888245-FB54-4827-8446-BF43C6E76407}.Release|x86.Deploy.0 = Release|x86
	EndGlobalSection
	GlobalSection(SolutionProperties) = preSolution
		HideSolutionNode = FALSE
	EndGlobalSection
	GlobalSection(NestedProjects) = preSolution
		{25F783FE-FB4E-4E98-9A70-DE4D24B1D89F} = {7A19DD96-377E-41BF-9899-9704A56FB530}
		{2CC4925F-94BF-4B36-8A0E-4DEA4D17F35D} = {7A19DD96-377E-41BF-9899-9704A56FB530}
		{34888245-FB54-4827-8446-BF43C6E76407} = {7A19DD96-377E-41BF-9899-9704A56FB530}
	EndGlobalSection
EndGlobal
